{
  "nodes": {
    "base16-schemes": {
      "flake": false,
      "locked": {
        "lastModified": 1696158499,
        "narHash": "sha256-5yIHgDTPjoX/3oDEfLSQ0eJZdFL1SaCfb9d6M0RmOTM=",
        "owner": "tinted-theming",
        "repo": "base16-schemes",
        "rev": "a9112eaae86d9dd8ee6bb9445b664fba2f94037a",
        "type": "github"
      },
      "original": {
        "owner": "tinted-theming",
        "repo": "base16-schemes",
        "type": "github"
      }
    },
    "disko": {
      "inputs": {
        "nixpkgs": [
          "nixpkgs"
        ]
      },
      "locked": {
        "lastModified": 1760701190,
        "narHash": "sha256-y7UhnWlER8r776JsySqsbTUh2Txf7K30smfHlqdaIQw=",
        "owner": "nix-community",
        "repo": "disko",
        "rev": "3a9450b26e69dcb6f8de6e2b07b3fc1c288d85f5",
        "type": "github"
      },
      "original": {
        "owner": "nix-community",
        "repo": "disko",
        "type": "github"
      }
    },
    "firefox-addons": {
      "inputs": {
        "nixpkgs": [
          "nixpkgs"
        ]
      },
      "locked": {
        "dir": "pkgs/firefox-addons",
        "lastModified": 1761365017,
        "narHash": "sha256-lXMH9N4LpkhPxi6E5u+9Q7//9HD39mihsNnO6C4EmLQ=",
        "owner": "rycee",
        "repo": "nur-expressions",
        "rev": "39f8bda79e4d1bee1ac5262568b7ef7200fa4ae2",
        "type": "gitlab"
      },
      "original": {
        "dir": "pkgs/firefox-addons",
        "owner": "rycee",
        "repo": "nur-expressions",
        "type": "gitlab"
      }
    },
    "hardware": {
      "locked": {
        "lastModified": 1760958188,
        "narHash": "sha256-2m1S4jl+GEDtlt2QqeHil8Ny456dcGSKJAM7q3j/BFU=",
        "owner": "nixos",
        "repo": "nixos-hardware",
        "rev": "d6645c340ef7d821602fd2cd199e8d1eed10afbc",
        "type": "github"
      },
      "original": {
        "owner": "nixos",
        "repo": "nixos-hardware",
        "type": "github"
      }
    },
    "home-manager": {
      "inputs": {
        "nixpkgs": [
          "nixpkgs"
        ]
      },
      "locked": {
        "lastModified": 1758463745,
        "narHash": "sha256-uhzsV0Q0I9j2y/rfweWeGif5AWe0MGrgZ/3TjpDYdGA=",
        "owner": "nix-community",
        "repo": "home-manager",
        "rev": "3b955f5f0a942f9f60cdc9cacb7844335d0f21c3",
        "type": "github"
      },
      "original": {
        "owner": "nix-community",
        "ref": "release-25.05",
        "repo": "home-manager",
        "type": "github"
      }
    },
    "home-manager-unstable": {
      "inputs": {
        "nixpkgs": [
          "nixpkgs-unstable"
        ]
      },
      "locked": {
        "lastModified": 1761344779,
        "narHash": "sha256-6LNSptFYhiAd0M/maJoixJw7V0Kp5BSoMRtIahcfu3M=",
        "owner": "nix-community",
        "repo": "home-manager",
        "rev": "c644cb018f9fdec55f5ac2afb4713a8c7beb757c",
        "type": "github"
      },
      "original": {
        "owner": "nix-community",
        "repo": "home-manager",
        "type": "github"
      }
    },
    "hyprwm-contrib": {
      "inputs": {
        "nixpkgs": [
          "nixpkgs"
        ]
      },
      "locked": {
        "lastModified": 1759613406,
        "narHash": "sha256-PzgQJydp+RlKvwDi807pXPlURdIAVqLppZDga3DwPqg=",
        "owner": "hyprwm",
        "repo": "contrib",
        "rev": "32e1a75b65553daefb419f0906ce19e04815aa3a",
        "type": "github"
      },
      "original": {
        "owner": "hyprwm",
        "repo": "contrib",
        "type": "github"
      }
    },
    "impermanence": {
      "locked": {
        "lastModified": 1737831083,
        "narHash": "sha256-LJggUHbpyeDvNagTUrdhe/pRVp4pnS6wVKALS782gRI=",
        "owner": "nix-community",
        "repo": "impermanence",
        "rev": "4b3e914cdf97a5b536a889e939fb2fd2b043a170",
        "type": "github"
      },
      "original": {
        "owner": "nix-community",
        "repo": "impermanence",
        "type": "github"
      }
    },
    "nix-colors": {
      "inputs": {
        "base16-schemes": "base16-schemes",
        "nixpkgs-lib": "nixpkgs-lib"
      },
      "locked": {
        "lastModified": 1707825078,
        "narHash": "sha256-hTfge2J2W+42SZ7VHXkf4kjU+qzFqPeC9k66jAUBMHk=",
        "owner": "misterio77",
        "repo": "nix-colors",
        "rev": "b01f024090d2c4fc3152cd0cf12027a7b8453ba1",
        "type": "github"
      },
      "original": {
        "owner": "misterio77",
        "repo": "nix-colors",
        "type": "github"
      }
    },
    "nix-flatpak": {
      "locked": {
        "lastModified": 1754777568,
        "narHash": "sha256-0bBqT+3XncgF8F03RFAamw9vdf0VmaDoIJLTGkjfQZs=",
        "owner": "gmodena",
        "repo": "nix-flatpak",
        "rev": "62f636b87ef6050760a8cb325cadb90674d1e23e",
        "type": "github"
      },
      "original": {
        "owner": "gmodena",
        "ref": "main",
        "repo": "nix-flatpak",
        "type": "github"
      }
    },
    "nixos-facter-modules": {
      "locked": {
        "lastModified": 1761137276,
        "narHash": "sha256-4lDjGnWRBLwqKQ4UWSUq6Mvxu9r8DSqCCydodW/Jsi8=",
        "owner": "nix-community",
        "repo": "nixos-facter-modules",
        "rev": "70bcd64225d167c7af9b475c4df7b5abba5c7de8",
        "type": "github"
      },
      "original": {
        "owner": "nix-community",
        "repo": "nixos-facter-modules",
        "type": "github"
      }
    },
    "nixpkgs": {
      "locked": {
        "lastModified": 1761173472,
        "narHash": "sha256-m9W0dYXflzeGgKNravKJvTMR4Qqa2MVD11AwlGMufeE=",
        "owner": "nixos",
        "repo": "nixpkgs",
        "rev": "c8aa8cc00a5cb57fada0851a038d35c08a36a2bb",
        "type": "github"
      },
      "original": {
        "owner": "nixos",
        "ref": "nixos-25.05",
        "repo": "nixpkgs",
        "type": "github"
      }
    },
    "nixpkgs-lib": {
      "locked": {
        "lastModified": 1697935651,
        "narHash": "sha256-qOfWjQ2JQSQL15KLh6D7xQhx0qgZlYZTYlcEiRuAMMw=",
        "owner": "nix-community",
        "repo": "nixpkgs.lib",
        "rev": "e1e11fdbb01113d85c7f41cada9d2847660e3902",
        "type": "github"
      },
      "original": {
        "owner": "nix-community",
        "repo": "nixpkgs.lib",
        "type": "github"
      }
    },
    "nixpkgs-unstable": {
      "locked": {
        "lastModified": 1761114652,
        "narHash": "sha256-f/QCJM/YhrV/lavyCVz8iU3rlZun6d+dAiC3H+CDle4=",
        "owner": "nixos",
        "repo": "nixpkgs",
        "rev": "01f116e4df6a15f4ccdffb1bcd41096869fb385c",
        "type": "github"
      },
      "original": {
        "owner": "nixos",
        "ref": "nixos-unstable",
        "repo": "nixpkgs",
        "type": "github"
      }
    },
    "nixpkgs_2": {
      "locked": {
        "lastModified": 1760596604,
        "narHash": "sha256-J/i5K6AAz/y5dBePHQOuzC7MbhyTOKsd/GLezSbEFiM=",
        "owner": "NixOS",
        "repo": "nixpkgs",
        "rev": "3cbe716e2346710d6e1f7c559363d14e11c32a43",
        "type": "github"
      },
      "original": {
        "owner": "NixOS",
        "ref": "nixpkgs-unstable",
        "repo": "nixpkgs",
        "type": "github"
      }
    },
    "pconf": {
      "locked": {
        "lastModified": 1747402169,
        "narHash": "sha256-iJbiri3bJ+vCtmRKYwFUJUW6vniyqmzDfuvr+3fcLjg=",
        "owner": "Tommixe",
        "repo": "nixos-pconf",
        "rev": "fb24e660edfe6ee45f0988c3c87cbc7b370f18a9",
        "type": "github"
      },
      "original": {
        "owner": "Tommixe",
        "repo": "nixos-pconf",
        "type": "github"
      }
    },
    "quadlet-nix": {
      "locked": {
        "lastModified": 1758631655,
        "narHash": "sha256-EGeZ963L7xsNAY7snvP1JHQe7LWLVCM6f49+PzWjhEE=",
        "owner": "SEIAROTg",
        "repo": "quadlet-nix",
        "rev": "2ebe01b175e2e1e6de3f172d23f0c3b88713eec9",
        "type": "github"
      },
      "original": {
        "owner": "SEIAROTg",
        "repo": "quadlet-nix",
        "type": "github"
      }
    },
    "root": {
      "inputs": {
        "disko": "disko",
        "firefox-addons": "firefox-addons",
        "hardware": "hardware",
        "home-manager": "home-manager",
        "home-manager-unstable": "home-manager-unstable",
        "hyprwm-contrib": "hyprwm-contrib",
        "impermanence": "impermanence",
        "nix-colors": "nix-colors",
        "nix-flatpak": "nix-flatpak",
        "nixos-facter-modules": "nixos-facter-modules",
        "nixpkgs": "nixpkgs",
        "nixpkgs-unstable": "nixpkgs-unstable",
        "pconf": "pconf",
        "quadlet-nix": "quadlet-nix",
        "sops-nix": "sops-nix"
      }
    },
    "sops-nix": {
      "inputs": {
        "nixpkgs": "nixpkgs_2"
      },
      "locked": {
        "lastModified": 1760998189,
        "narHash": "sha256-ee2e1/AeGL5X8oy/HXsZQvZnae6XfEVdstGopKucYLY=",
        "owner": "mic92",
        "repo": "sops-nix",
        "rev": "5a7d18b5c55642df5c432aadb757140edfeb70b3",
        "type": "github"
      },
      "original": {
        "owner": "mic92",
        "repo": "sops-nix",
        "type": "github"
      }
    }
  },
  "root": "root",
  "version": 7
}
